
Microsoft Visual Studio Solution File, Format Version 12.00
# Visual Studio Version 17
VisualStudioVersion = 17.8.34322.80
MinimumVisualStudioVersion = 10.0.40219.1
Project("{9A19103F-16F7-4668-BE54-9A1E7A4F7556}") = "WebGen", "WebGen\WebGen.csproj", "{5941EE4C-A1B8-4082-BB7E-FAC42E503345}"
EndProject
Project("{FAE04EC0-301F-11D3-BF4B-00C04F79EFBC}") = "WebGen.Controls", "WebGen.BasicControls\WebGen.Controls.csproj", "{428FD6BE-749B-4A11-992F-C35CE44A2CD6}"
EndProject
Project("{FAE04EC0-301F-11D3-BF4B-00C04F79EFBC}") = "WebGen.Template", "WebGen.Template\WebGen.Template.csproj", "{3B802ABB-E23A-4C8B-878C-30FB7C3311ED}"
EndProject
Project("{FAE04EC0-301F-11D3-BF4B-00C04F79EFBC}") = "WebGen.Core", "WebGen.Core\WebGen.Core.csproj", "{2C43B89D-376C-455C-A943-C46424C30DB1}"
EndProject
Project("{FAE04EC0-301F-11D3-BF4B-00C04F79EFBC}") = "WebGen.ASPNET", "WebGen.ASPNET\WebGen.ASPNET.csproj", "{5896C0C3-AF92-4C1D-BA19-D9A5E82CA690}"
EndProject
Project("{FAE04EC0-301F-11D3-BF4B-00C04F79EFBC}") = "WebGen.Proj", "WebGen.Proj\WebGen.Proj.csproj", "{95080E89-A19D-4072-86B5-529EDDC59C67}"
EndProject
Project("{FAE04EC0-301F-11D3-BF4B-00C04F79EFBC}") = "Wedency", "Wedency\Wedency.csproj", "{14364933-1A3D-4D5A-9F20-3DADC0B29ABD}"
EndProject
Project("{FAE04EC0-301F-11D3-BF4B-00C04F79EFBC}") = "MySourceGen", "MySourceGen\MySourceGen.csproj", "{70964F20-5450-411B-A2F2-84652834A739}"
EndProject
Project("{FAE04EC0-301F-11D3-BF4B-00C04F79EFBC}") = "ReMSCM", "ReMSCM\ReMSCM.csproj", "{DBAD2821-2994-4A7D-8E65-65AEAC833583}"
EndProject
Project("{FAE04EC0-301F-11D3-BF4B-00C04F79EFBC}") = "MSCM", "MSCM\MSCM.csproj", "{F22B6365-EFAE-49C4-A104-C201F989985F}"
EndProject
Project("{FAE04EC0-301F-11D3-BF4B-00C04F79EFBC}") = "GenMSCM", "GenMSCM\GenMSCM.csproj", "{07900FA5-7F55-4BB5-B7AC-6AC10C5B68F3}"
EndProject
Project("{FAE04EC0-301F-11D3-BF4B-00C04F79EFBC}") = "WebGen.CodeGen", "WebGen.CodeGen\WebGen.CodeGen.csproj", "{00F07D58-1278-4972-8119-1C491CD42D66}"
EndProject
Project("{2150E333-8FDC-42A3-9474-1A3956D46DE8}") = "WebGenNet8", "WebGenNet8", "{02EA681E-C7D8-13C7-8484-4AC65E1B71E8}"
EndProject
Project("{FAE04EC0-301F-11D3-BF4B-00C04F79EFBC}") = "WebGen.MinimalAPI", "WebGen.MinimalAPI\WebGen.MinimalAPI.csproj", "{97731D7F-A938-4B13-AFD0-4E2F83E9A9E6}"
EndProject
Project("{FAE04EC0-301F-11D3-BF4B-00C04F79EFBC}") = "WebGen.WebView2Test", "WebGen.WebView2Test\WebGen.WebView2Test.csproj", "{3C5DBA34-0BB9-4993-AFE0-F56A481434BC}"
EndProject
Project("{FAE04EC0-301F-11D3-BF4B-00C04F79EFBC}") = "WebGen.WebView2WUPTest", "WebGen.WebView2WUPTest\WebGen.WebView2WUPTest.csproj", "{0BFD5AA9-4942-4DE9-B495-7B706CD439A8}"
EndProject
Project("{2150E333-8FDC-42A3-9474-1A3956D46DE8}") = "Observed", "Observed", "{4E17304C-92D8-452A-9063-4141405AA177}"
EndProject
Project("{2150E333-8FDC-42A3-9474-1A3956D46DE8}") = "解决方案项", "解决方案项", "{9FA3D6BD-1EC1-3BA5-80CB-CE02773A58D5}"
	ProjectSection(SolutionItems) = preProject
		AskedToPack.txt = AskedToPack.txt
		readme.md = readme.md
		unibuildnumber.txt = unibuildnumber.txt
	EndProjectSection
EndProject
Project("{D954291E-2A0B-460D-934E-DC6B0785DB48}") = "SharedUnitTest", "SharedUnitTest\SharedUnitTest.shproj", "{5E08F936-512E-428D-80FE-78729E440545}"
EndProject
Project("{FAE04EC0-301F-11D3-BF4B-00C04F79EFBC}") = "WebDriverTests", "WebDriverTests\WebDriverTests.csproj", "{0B5A6FCA-791A-4AEB-8BC3-130811D45736}"
EndProject
Project("{2150E333-8FDC-42A3-9474-1A3956D46DE8}") = "Scripts", "Scripts", "{349FCB03-6C47-4FC7-8D81-5CB4AE05989A}"
	ProjectSection(SolutionItems) = preProject
		PublishLibraries.ps1 = PublishLibraries.ps1
	EndProjectSection
EndProject
Global
	GlobalSection(SolutionConfigurationPlatforms) = preSolution
		Debug|Any CPU = Debug|Any CPU
		Release|Any CPU = Release|Any CPU
	EndGlobalSection
	GlobalSection(ProjectConfigurationPlatforms) = postSolution
		{5941EE4C-A1B8-4082-BB7E-FAC42E503345}.Debug|Any CPU.ActiveCfg = Debug|Any CPU
		{5941EE4C-A1B8-4082-BB7E-FAC42E503345}.Debug|Any CPU.Build.0 = Debug|Any CPU
		{5941EE4C-A1B8-4082-BB7E-FAC42E503345}.Release|Any CPU.ActiveCfg = Release|Any CPU
		{5941EE4C-A1B8-4082-BB7E-FAC42E503345}.Release|Any CPU.Build.0 = Release|Any CPU
		{428FD6BE-749B-4A11-992F-C35CE44A2CD6}.Debug|Any CPU.ActiveCfg = Debug|Any CPU
		{428FD6BE-749B-4A11-992F-C35CE44A2CD6}.Debug|Any CPU.Build.0 = Debug|Any CPU
		{428FD6BE-749B-4A11-992F-C35CE44A2CD6}.Release|Any CPU.ActiveCfg = Release|Any CPU
		{428FD6BE-749B-4A11-992F-C35CE44A2CD6}.Release|Any CPU.Build.0 = Release|Any CPU
		{3B802ABB-E23A-4C8B-878C-30FB7C3311ED}.Debug|Any CPU.ActiveCfg = Debug|Any CPU
		{3B802ABB-E23A-4C8B-878C-30FB7C3311ED}.Debug|Any CPU.Build.0 = Debug|Any CPU
		{3B802ABB-E23A-4C8B-878C-30FB7C3311ED}.Release|Any CPU.ActiveCfg = Release|Any CPU
		{3B802ABB-E23A-4C8B-878C-30FB7C3311ED}.Release|Any CPU.Build.0 = Release|Any CPU
		{2C43B89D-376C-455C-A943-C46424C30DB1}.Debug|Any CPU.ActiveCfg = Debug|Any CPU
		{2C43B89D-376C-455C-A943-C46424C30DB1}.Debug|Any CPU.Build.0 = Debug|Any CPU
		{2C43B89D-376C-455C-A943-C46424C30DB1}.Release|Any CPU.ActiveCfg = Release|Any CPU
		{2C43B89D-376C-455C-A943-C46424C30DB1}.Release|Any CPU.Build.0 = Release|Any CPU
		{5896C0C3-AF92-4C1D-BA19-D9A5E82CA690}.Debug|Any CPU.ActiveCfg = Debug|Any CPU
		{5896C0C3-AF92-4C1D-BA19-D9A5E82CA690}.Debug|Any CPU.Build.0 = Debug|Any CPU
		{5896C0C3-AF92-4C1D-BA19-D9A5E82CA690}.Release|Any CPU.ActiveCfg = Release|Any CPU
		{5896C0C3-AF92-4C1D-BA19-D9A5E82CA690}.Release|Any CPU.Build.0 = Release|Any CPU
		{95080E89-A19D-4072-86B5-529EDDC59C67}.Debug|Any CPU.ActiveCfg = Debug|Any CPU
		{95080E89-A19D-4072-86B5-529EDDC59C67}.Debug|Any CPU.Build.0 = Debug|Any CPU
		{95080E89-A19D-4072-86B5-529EDDC59C67}.Release|Any CPU.ActiveCfg = Release|Any CPU
		{95080E89-A19D-4072-86B5-529EDDC59C67}.Release|Any CPU.Build.0 = Release|Any CPU
		{14364933-1A3D-4D5A-9F20-3DADC0B29ABD}.Debug|Any CPU.ActiveCfg = Debug|Any CPU
		{14364933-1A3D-4D5A-9F20-3DADC0B29ABD}.Debug|Any CPU.Build.0 = Debug|Any CPU
		{14364933-1A3D-4D5A-9F20-3DADC0B29ABD}.Release|Any CPU.ActiveCfg = Release|Any CPU
		{14364933-1A3D-4D5A-9F20-3DADC0B29ABD}.Release|Any CPU.Build.0 = Release|Any CPU
		{70964F20-5450-411B-A2F2-84652834A739}.Debug|Any CPU.ActiveCfg = Debug|Any CPU
		{70964F20-5450-411B-A2F2-84652834A739}.Debug|Any CPU.Build.0 = Debug|Any CPU
		{70964F20-5450-411B-A2F2-84652834A739}.Release|Any CPU.ActiveCfg = Release|Any CPU
		{70964F20-5450-411B-A2F2-84652834A739}.Release|Any CPU.Build.0 = Release|Any CPU
		{DBAD2821-2994-4A7D-8E65-65AEAC833583}.Debug|Any CPU.ActiveCfg = Debug|Any CPU
		{DBAD2821-2994-4A7D-8E65-65AEAC833583}.Debug|Any CPU.Build.0 = Debug|Any CPU
		{DBAD2821-2994-4A7D-8E65-65AEAC833583}.Release|Any CPU.ActiveCfg = Release|Any CPU
		{DBAD2821-2994-4A7D-8E65-65AEAC833583}.Release|Any CPU.Build.0 = Release|Any CPU
		{F22B6365-EFAE-49C4-A104-C201F989985F}.Debug|Any CPU.ActiveCfg = Debug|Any CPU
		{F22B6365-EFAE-49C4-A104-C201F989985F}.Debug|Any CPU.Build.0 = Debug|Any CPU
		{F22B6365-EFAE-49C4-A104-C201F989985F}.Release|Any CPU.ActiveCfg = Release|Any CPU
		{F22B6365-EFAE-49C4-A104-C201F989985F}.Release|Any CPU.Build.0 = Release|Any CPU
		{07900FA5-7F55-4BB5-B7AC-6AC10C5B68F3}.Debug|Any CPU.ActiveCfg = Debug|Any CPU
		{07900FA5-7F55-4BB5-B7AC-6AC10C5B68F3}.Debug|Any CPU.Build.0 = Debug|Any CPU
		{07900FA5-7F55-4BB5-B7AC-6AC10C5B68F3}.Release|Any CPU.ActiveCfg = Release|Any CPU
		{07900FA5-7F55-4BB5-B7AC-6AC10C5B68F3}.Release|Any CPU.Build.0 = Release|Any CPU
		{00F07D58-1278-4972-8119-1C491CD42D66}.Debug|Any CPU.ActiveCfg = Debug|Any CPU
		{00F07D58-1278-4972-8119-1C491CD42D66}.Debug|Any CPU.Build.0 = Debug|Any CPU
		{00F07D58-1278-4972-8119-1C491CD42D66}.Release|Any CPU.ActiveCfg = Release|Any CPU
		{00F07D58-1278-4972-8119-1C491CD42D66}.Release|Any CPU.Build.0 = Release|Any CPU
		{97731D7F-A938-4B13-AFD0-4E2F83E9A9E6}.Debug|Any CPU.ActiveCfg = Debug|Any CPU
		{97731D7F-A938-4B13-AFD0-4E2F83E9A9E6}.Debug|Any CPU.Build.0 = Debug|Any CPU
		{97731D7F-A938-4B13-AFD0-4E2F83E9A9E6}.Release|Any CPU.ActiveCfg = Release|Any CPU
		{97731D7F-A938-4B13-AFD0-4E2F83E9A9E6}.Release|Any CPU.Build.0 = Release|Any CPU
		{3C5DBA34-0BB9-4993-AFE0-F56A481434BC}.Debug|Any CPU.ActiveCfg = Debug|x64
		{3C5DBA34-0BB9-4993-AFE0-F56A481434BC}.Debug|Any CPU.Build.0 = Debug|x64
		{3C5DBA34-0BB9-4993-AFE0-F56A481434BC}.Debug|Any CPU.Deploy.0 = Debug|x64
		{3C5DBA34-0BB9-4993-AFE0-F56A481434BC}.Release|Any CPU.ActiveCfg = Release|x64
		{3C5DBA34-0BB9-4993-AFE0-F56A481434BC}.Release|Any CPU.Build.0 = Release|x64
		{3C5DBA34-0BB9-4993-AFE0-F56A481434BC}.Release|Any CPU.Deploy.0 = Release|x64
		{0BFD5AA9-4942-4DE9-B495-7B706CD439A8}.Debug|Any CPU.ActiveCfg = Debug|x64
		{0BFD5AA9-4942-4DE9-B495-7B706CD439A8}.Debug|Any CPU.Build.0 = Debug|x64
		{0BFD5AA9-4942-4DE9-B495-7B706CD439A8}.Debug|Any CPU.Deploy.0 = Debug|x64
		{0BFD5AA9-4942-4DE9-B495-7B706CD439A8}.Release|Any CPU.ActiveCfg = Release|x64
		{0BFD5AA9-4942-4DE9-B495-7B706CD439A8}.Release|Any CPU.Build.0 = Release|x64
		{0BFD5AA9-4942-4DE9-B495-7B706CD439A8}.Release|Any CPU.Deploy.0 = Release|x64
		{0B5A6FCA-791A-4AEB-8BC3-130811D45736}.Debug|Any CPU.ActiveCfg = Debug|Any CPU
		{0B5A6FCA-791A-4AEB-8BC3-130811D45736}.Debug|Any CPU.Build.0 = Debug|Any CPU
		{0B5A6FCA-791A-4AEB-8BC3-130811D45736}.Release|Any CPU.ActiveCfg = Release|Any CPU
		{0B5A6FCA-791A-4AEB-8BC3-130811D45736}.Release|Any CPU.Build.0 = Release|Any CPU
	EndGlobalSection
	GlobalSection(SolutionProperties) = preSolution
		HideSolutionNode = FALSE
	EndGlobalSection
	GlobalSection(NestedProjects) = preSolution
		{5941EE4C-A1B8-4082-BB7E-FAC42E503345} = {02EA681E-C7D8-13C7-8484-4AC65E1B71E8}
		{428FD6BE-749B-4A11-992F-C35CE44A2CD6} = {02EA681E-C7D8-13C7-8484-4AC65E1B71E8}
		{3B802ABB-E23A-4C8B-878C-30FB7C3311ED} = {4E17304C-92D8-452A-9063-4141405AA177}
		{2C43B89D-376C-455C-A943-C46424C30DB1} = {02EA681E-C7D8-13C7-8484-4AC65E1B71E8}
		{5896C0C3-AF92-4C1D-BA19-D9A5E82CA690} = {02EA681E-C7D8-13C7-8484-4AC65E1B71E8}
		{95080E89-A19D-4072-86B5-529EDDC59C67} = {4E17304C-92D8-452A-9063-4141405AA177}
		{14364933-1A3D-4D5A-9F20-3DADC0B29ABD} = {02EA681E-C7D8-13C7-8484-4AC65E1B71E8}
		{70964F20-5450-411B-A2F2-84652834A739} = {4E17304C-92D8-452A-9063-4141405AA177}
		{DBAD2821-2994-4A7D-8E65-65AEAC833583} = {4E17304C-92D8-452A-9063-4141405AA177}
		{F22B6365-EFAE-49C4-A104-C201F989985F} = {4E17304C-92D8-452A-9063-4141405AA177}
		{07900FA5-7F55-4BB5-B7AC-6AC10C5B68F3} = {02EA681E-C7D8-13C7-8484-4AC65E1B71E8}
		{00F07D58-1278-4972-8119-1C491CD42D66} = {02EA681E-C7D8-13C7-8484-4AC65E1B71E8}
		{97731D7F-A938-4B13-AFD0-4E2F83E9A9E6} = {02EA681E-C7D8-13C7-8484-4AC65E1B71E8}
		{3C5DBA34-0BB9-4993-AFE0-F56A481434BC} = {02EA681E-C7D8-13C7-8484-4AC65E1B71E8}
		{0BFD5AA9-4942-4DE9-B495-7B706CD439A8} = {02EA681E-C7D8-13C7-8484-4AC65E1B71E8}
		{5E08F936-512E-428D-80FE-78729E440545} = {02EA681E-C7D8-13C7-8484-4AC65E1B71E8}
		{0B5A6FCA-791A-4AEB-8BC3-130811D45736} = {02EA681E-C7D8-13C7-8484-4AC65E1B71E8}
		{349FCB03-6C47-4FC7-8D81-5CB4AE05989A} = {9FA3D6BD-1EC1-3BA5-80CB-CE02773A58D5}
	EndGlobalSection
	GlobalSection(ExtensibilityGlobals) = postSolution
		SolutionGuid = {C7A9455B-9061-48E5-AC51-FF02E32880E3}
	EndGlobalSection
	GlobalSection(SharedMSBuildProjectFiles) = preSolution
		SharedUnitTest\SharedUnitTest.projitems*{3c5dba34-0bb9-4993-afe0-f56a481434bc}*SharedItemsImports = 5
		SharedUnitTest\SharedUnitTest.projitems*{5e08f936-512e-428d-80fe-78729e440545}*SharedItemsImports = 13
	EndGlobalSection
EndGlobal
